{
  "version": "5",
  "specifiers": {
    "jsr:@hono/hono@^4.7.10": "4.7.10",
    "jsr:@iuioiua/redis@^1.1.8": "1.1.8",
    "jsr:@panva/jose@^6.0.11": "6.0.11",
    "jsr:@sitnik/nanoid@^5.1.5": "5.1.5",
    "jsr:@std/assert@1": "1.0.13",
    "jsr:@std/internal@^1.0.6": "1.0.6",
    "npm:@supabase/supabase-js@2": "2.49.9",
    "npm:@supabase/supabase-js@^2.49.9": "2.49.9",
    "npm:@types/node@*": "22.14.0",
    "npm:postgres@*": "3.4.7",
    "npm:postgres@^3.4.7": "3.4.7",
    "npm:redis@^5.1.1": "5.1.1_@redis+client@5.1.1"
  },
  "jsr": {
    "@hono/hono@4.7.10": {
      "integrity": "e59029e252af371abe43e8e4f9a115e38974c6bd5972022372bf89f763269cc7"
    },
    "@iuioiua/redis@1.1.8": {
      "integrity": "664ef7c11f73415b6cdf720e626ea3b8921bf9eec3f488744902a93a0c49f818"
    },
    "@panva/jose@6.0.11": {
      "integrity": "90d3a31fbe29ab3ab64f5c8c7c413b8a962663d7c62eacd51cc7f41d9c42ccbf"
    },
    "@sitnik/nanoid@5.1.5": {
      "integrity": "55bd5f57087d67b1dcb7c1f4a07efdfe77a3ac57ca0af90f162c1f676ebf8f4b"
    },
    "@std/assert@1.0.13": {
      "integrity": "ae0d31e41919b12c656c742b22522c32fb26ed0cba32975cb0de2a273cb68b29",
      "dependencies": [
        "jsr:@std/internal"
      ]
    },
    "@std/internal@1.0.6": {
      "integrity": "9533b128f230f73bd209408bb07a4b12f8d4255ab2a4d22a1fd6d87304aca9a4"
    }
  },
  "npm": {
    "@redis/bloom@5.1.1_@redis+client@5.1.1": {
      "integrity": "sha512-PnMcvpL7O2DHtnSL5JtyNmraNrdHuJXi3u2isGTUuPgkbAuWQKfZdknq471ySILL+qKtLfVJqzgDFMjYmZzK6Q==",
      "dependencies": [
        "@redis/client"
      ]
    },
    "@redis/client@5.1.1": {
      "integrity": "sha512-vojbBqUdbkD+ylCy3+ZDXLzSmgiYH9pLrv87kF+nDgsRaHKrVVxPV9B4u6EfWRx7XGvQGZqsXVkKFhsEOsG3LA==",
      "dependencies": [
        "cluster-key-slot"
      ]
    },
    "@redis/json@5.1.1_@redis+client@5.1.1": {
      "integrity": "sha512-A5M0dcgxGKq+oE6spIPBcGLDBiwoSPTs2wesVb4x30rXfG6rPtqt1Z7fCMtvTL2kHUNRKgZ78zhD+0+MENZt7g==",
      "dependencies": [
        "@redis/client"
      ]
    },
    "@redis/search@5.1.1_@redis+client@5.1.1": {
      "integrity": "sha512-bChudQmcqfYUxEGMeXMkljXtwse4hzqcqRwbZDwRyYe+EEeW/lXVl3w/mS2tHnAb2yqGnfDghid8iHEtVNqjww==",
      "dependencies": [
        "@redis/client"
      ]
    },
    "@redis/time-series@5.1.1_@redis+client@5.1.1": {
      "integrity": "sha512-HPjZLfcZxh5mBLqRgx7KCZG6JXxGnb7yJqo9qZ/KMTWK/k3SWyH47DHJbYbRNzKOEkbK/l/5kikDTm79uJuCbg==",
      "dependencies": [
        "@redis/client"
      ]
    },
    "@supabase/auth-js@2.69.1": {
      "integrity": "sha512-FILtt5WjCNzmReeRLq5wRs3iShwmnWgBvxHfqapC/VoljJl+W8hDAyFmf1NVw3zH+ZjZ05AKxiKxVeb0HNWRMQ==",
      "dependencies": [
        "@supabase/node-fetch"
      ]
    },
    "@supabase/functions-js@2.4.4": {
      "integrity": "sha512-WL2p6r4AXNGwop7iwvul2BvOtuJ1YQy8EbOd0dhG1oN1q8el/BIRSFCFnWAMM/vJJlHWLi4ad22sKbKr9mvjoA==",
      "dependencies": [
        "@supabase/node-fetch"
      ]
    },
    "@supabase/node-fetch@2.6.15": {
      "integrity": "sha512-1ibVeYUacxWYi9i0cf5efil6adJ9WRyZBLivgjs+AUpewx1F3xPi7gLgaASI2SmIQxPoCEjAsLAzKPgMJVgOUQ==",
      "dependencies": [
        "whatwg-url"
      ]
    },
    "@supabase/postgrest-js@1.19.4": {
      "integrity": "sha512-O4soKqKtZIW3olqmbXXbKugUtByD2jPa8kL2m2c1oozAO11uCcGrRhkZL0kVxjBLrXHE0mdSkFsMj7jDSfyNpw==",
      "dependencies": [
        "@supabase/node-fetch"
      ]
    },
    "@supabase/realtime-js@2.11.9": {
      "integrity": "sha512-fLseWq8tEPCO85x3TrV9Hqvk7H4SGOqnFQ223NPJSsxjSYn0EmzU1lvYO6wbA0fc8DE94beCAiiWvGvo4g33lQ==",
      "dependencies": [
        "@supabase/node-fetch",
        "@types/phoenix",
        "@types/ws",
        "ws"
      ]
    },
    "@supabase/storage-js@2.7.1": {
      "integrity": "sha512-asYHcyDR1fKqrMpytAS1zjyEfvxuOIp1CIXX7ji4lHHcJKqyk+sLl/Vxgm4sN6u8zvuUtae9e4kDxQP2qrwWBA==",
      "dependencies": [
        "@supabase/node-fetch"
      ]
    },
    "@supabase/supabase-js@2.49.9": {
      "integrity": "sha512-lB2A2X8k1aWAqvlpO4uZOdfvSuZ2s0fCMwJ1Vq6tjWsi3F+au5lMbVVn92G0pG8gfmis33d64Plkm6eSDs6jRA==",
      "dependencies": [
        "@supabase/auth-js",
        "@supabase/functions-js",
        "@supabase/node-fetch",
        "@supabase/postgrest-js",
        "@supabase/realtime-js",
        "@supabase/storage-js"
      ]
    },
    "@types/node@22.14.0": {
      "integrity": "sha512-Kmpl+z84ILoG+3T/zQFyAJsU6EPTmOCj8/2+83fSN6djd6I4o7uOuGIH6vq3PrjY5BGitSbFuMN18j3iknubbA==",
      "dependencies": [
        "undici-types"
      ]
    },
    "@types/phoenix@1.6.6": {
      "integrity": "sha512-PIzZZlEppgrpoT2QgbnDU+MMzuR6BbCjllj0bM70lWoejMeNJAxCchxnv7J3XFkI8MpygtRpzXrIlmWUBclP5A=="
    },
    "@types/ws@8.18.1": {
      "integrity": "sha512-ThVF6DCVhA8kUGy+aazFQ4kXQ7E1Ty7A3ypFOe0IcJV8O/M511G99AW24irKrW56Wt44yG9+ij8FaqoBGkuBXg==",
      "dependencies": [
        "@types/node"
      ]
    },
    "cluster-key-slot@1.1.2": {
      "integrity": "sha512-RMr0FhtfXemyinomL4hrWcYJxmX6deFdCxpJzhDttxgO1+bcCnkk+9drydLVDmAMG7NE6aN/fl4F7ucU/90gAA=="
    },
    "postgres@3.4.7": {
      "integrity": "sha512-Jtc2612XINuBjIl/QTWsV5UvE8UHuNblcO3vVADSrKsrc6RqGX6lOW1cEo3CM2v0XG4Nat8nI+YM7/f26VxXLw=="
    },
    "redis@5.1.1_@redis+client@5.1.1": {
      "integrity": "sha512-4t6n2Q9aFqpQnqBR/g84zsXW+U0hdSzYymqoGGZk44p+kuzzHbgukjOAca+PlQ563TbXcgv1njerllYWjAWw4g==",
      "dependencies": [
        "@redis/bloom",
        "@redis/client",
        "@redis/json",
        "@redis/search",
        "@redis/time-series"
      ]
    },
    "tr46@0.0.3": {
      "integrity": "sha512-N3WMsuqV66lT30CrXNbEjx4GEwlow3v6rr4mCcv6prnfwhS01rkgyFdjPNBYd9br7LpXV1+Emh01fHnq2Gdgrw=="
    },
    "undici-types@6.21.0": {
      "integrity": "sha512-iwDZqg0QAGrg9Rav5H4n0M64c3mkR59cJ6wQp+7C4nI0gsmExaedaYLNO44eT4AtBBwjbTiGPMlt2Md0T9H9JQ=="
    },
    "webidl-conversions@3.0.1": {
      "integrity": "sha512-2JAn3z8AR6rjK8Sm8orRC0h/bcl/DqL7tRPdGZ4I1CjdF+EaMLmYxBHyXuKL849eucPFhvBoxMsflfOb8kxaeQ=="
    },
    "whatwg-url@5.0.0": {
      "integrity": "sha512-saE57nupxk6v3HY35+jzBwYa0rKSy0XR8JSxZPwgLr7ys0IBzhGviA1/TUGJLmSVqs8pb9AnvICXEuOHLprYTw==",
      "dependencies": [
        "tr46",
        "webidl-conversions"
      ]
    },
    "ws@8.18.2": {
      "integrity": "sha512-DMricUmwGZUVr++AEAe2uiVM7UoO9MAVZMDu05UQOaUII0lp+zOzLLU4Xqh/JvTqklB1T4uELaaPBKyjE1r4fQ=="
    }
  },
  "workspace": {
    "dependencies": [
      "jsr:@hono/hono@^4.7.10",
      "jsr:@iuioiua/redis@^1.1.8",
      "jsr:@panva/jose@^6.0.11",
      "jsr:@sitnik/nanoid@^5.1.5",
      "jsr:@std/assert@1",
      "npm:@supabase/supabase-js@^2.49.9",
      "npm:postgres@^3.4.7",
      "npm:redis@^5.1.1"
    ]
  }
}
